// !$*UTF8*$!
{
	archiveVersion = 1;
	classes = {
	};
	objectVersion = 50;
	objects = {

/* Begin PBXBuildFile section */
		684626B3245CE44200527E02 /* AppDelegate.swift in Sources */ = {isa = PBXBuildFile; fileRef = 684626B2245CE44200527E02 /* AppDelegate.swift */; };
		684626B5245CE44200527E02 /* SceneDelegate.swift in Sources */ = {isa = PBXBuildFile; fileRef = 684626B4245CE44200527E02 /* SceneDelegate.swift */; };
		684626BC245CE44300527E02 /* Assets.xcassets in Resources */ = {isa = PBXBuildFile; fileRef = 684626BB245CE44300527E02 /* Assets.xcassets */; };
		684626BF245CE44300527E02 /* LaunchScreen.storyboard in Resources */ = {isa = PBXBuildFile; fileRef = 684626BD245CE44300527E02 /* LaunchScreen.storyboard */; };
		684626C7245CE64D00527E02 /* SearchViewController.swift in Sources */ = {isa = PBXBuildFile; fileRef = 684626C6245CE64D00527E02 /* SearchViewController.swift */; };
		684626CB245CF0F500527E02 /* ResultsViewController.swift in Sources */ = {isa = PBXBuildFile; fileRef = 684626CA245CF0F500527E02 /* ResultsViewController.swift */; };
		684626CD245CF11D00527E02 /* DetailViewController.swift in Sources */ = {isa = PBXBuildFile; fileRef = 684626CC245CF11D00527E02 /* DetailViewController.swift */; };
		68895C5E245DEA4E00059A04 /* CustomGoButton.swift in Sources */ = {isa = PBXBuildFile; fileRef = 68895C5D245DEA4E00059A04 /* CustomGoButton.swift */; };
		68895C61245DEF0300059A04 /* Constants.swift in Sources */ = {isa = PBXBuildFile; fileRef = 68895C60245DEF0300059A04 /* Constants.swift */; };
		688E34C72465D4AC000FD815 /* CustomImageView.swift in Sources */ = {isa = PBXBuildFile; fileRef = 688E34C62465D4AC000FD815 /* CustomImageView.swift */; };
		688E34C92465E6DD000FD815 /* CustomSpinner.swift in Sources */ = {isa = PBXBuildFile; fileRef = 688E34C82465E6DD000FD815 /* CustomSpinner.swift */; };
		688E34CB24661E5D000FD815 /* LoadingView.swift in Sources */ = {isa = PBXBuildFile; fileRef = 688E34CA24661E5D000FD815 /* LoadingView.swift */; };
		688FB97D2469D38C00594365 /* MetaDataViewController.swift in Sources */ = {isa = PBXBuildFile; fileRef = 688FB97C2469D38C00594365 /* MetaDataViewController.swift */; };
		688FB97F2469D3F900594365 /* MetaDataCell.swift in Sources */ = {isa = PBXBuildFile; fileRef = 688FB97E2469D3F900594365 /* MetaDataCell.swift */; };
		688FB9812469D49D00594365 /* CustomLabel.swift in Sources */ = {isa = PBXBuildFile; fileRef = 688FB9802469D49D00594365 /* CustomLabel.swift */; };
		688FB9832469DDB200594365 /* MetaDataKeys.swift in Sources */ = {isa = PBXBuildFile; fileRef = 688FB9822469DDB200594365 /* MetaDataKeys.swift */; };
		688FB985246A175500594365 /* MetaDataHelper.swift in Sources */ = {isa = PBXBuildFile; fileRef = 688FB984246A175500594365 /* MetaDataHelper.swift */; };
		68927AE0245F35E50017435F /* Pixabay.plist in Resources */ = {isa = PBXBuildFile; fileRef = 68927ADF245F35E50017435F /* Pixabay.plist */; };
		68927AE3245F377B0017435F /* PropertyFileHelper.swift in Sources */ = {isa = PBXBuildFile; fileRef = 68927AE2245F377B0017435F /* PropertyFileHelper.swift */; };
		68927AE5245F38820017435F /* PixabayData.swift in Sources */ = {isa = PBXBuildFile; fileRef = 68927AE4245F38820017435F /* PixabayData.swift */; };
		68927AE7245F38DE0017435F /* NetworkHelper.swift in Sources */ = {isa = PBXBuildFile; fileRef = 68927AE6245F38DE0017435F /* NetworkHelper.swift */; };
		689B09A92469957C00E77878 /* ImageActionHelper.swift in Sources */ = {isa = PBXBuildFile; fileRef = 689B09A82469957C00E77878 /* ImageActionHelper.swift */; };
		689B09AB2469A3CE00E77878 /* NavHelper.swift in Sources */ = {isa = PBXBuildFile; fileRef = 689B09AA2469A3CE00E77878 /* NavHelper.swift */; };
		68C9ED3A24659EDB00ACC889 /* TagsViewController.swift in Sources */ = {isa = PBXBuildFile; fileRef = 68C9ED3924659EDB00ACC889 /* TagsViewController.swift */; };
		68C9ED3D24659F8500ACC889 /* TagLabel.swift in Sources */ = {isa = PBXBuildFile; fileRef = 68C9ED3C24659F8500ACC889 /* TagLabel.swift */; };
		68C9ED3F2465A35F00ACC889 /* TagCell.swift in Sources */ = {isa = PBXBuildFile; fileRef = 68C9ED3E2465A35F00ACC889 /* TagCell.swift */; };
		68D74401246AF9EE001A7B99 /* NetworkHelperError.swift in Sources */ = {isa = PBXBuildFile; fileRef = 68D74400246AF9EE001A7B99 /* NetworkHelperError.swift */; };
		68D74403246B1043001A7B99 /* pixabay.mov in Resources */ = {isa = PBXBuildFile; fileRef = 68D74402246B1043001A7B99 /* pixabay.mov */; };
		68D89250245DE0B500952831 /* CustomTextField.swift in Sources */ = {isa = PBXBuildFile; fileRef = 68D8924F245DE0B500952831 /* CustomTextField.swift */; };
		68E2E847245E28CE00840919 /* README.md in Resources */ = {isa = PBXBuildFile; fileRef = 68E2E846245E28CE00840919 /* README.md */; };
		68E2E84A245E29D500840919 /* img1.jpg in Resources */ = {isa = PBXBuildFile; fileRef = 68E2E849245E29D500840919 /* img1.jpg */; };
		68F5DBE8245F8F89005C0E78 /* CollectionViewHelper.swift in Sources */ = {isa = PBXBuildFile; fileRef = 68F5DBE7245F8F89005C0E78 /* CollectionViewHelper.swift */; };
		68F5DBEA245F93C9005C0E78 /* PixabayImageCell.swift in Sources */ = {isa = PBXBuildFile; fileRef = 68F5DBE9245F93C9005C0E78 /* PixabayImageCell.swift */; };
/* End PBXBuildFile section */

/* Begin PBXFileReference section */
		684626AF245CE44200527E02 /* PixabayCollections.app */ = {isa = PBXFileReference; explicitFileType = wrapper.application; includeInIndex = 0; path = PixabayCollections.app; sourceTree = BUILT_PRODUCTS_DIR; };
		684626B2245CE44200527E02 /* AppDelegate.swift */ = {isa = PBXFileReference; lastKnownFileType = sourcecode.swift; path = AppDelegate.swift; sourceTree = "<group>"; };
		684626B4245CE44200527E02 /* SceneDelegate.swift */ = {isa = PBXFileReference; lastKnownFileType = sourcecode.swift; path = SceneDelegate.swift; sourceTree = "<group>"; };
		684626BB245CE44300527E02 /* Assets.xcassets */ = {isa = PBXFileReference; lastKnownFileType = folder.assetcatalog; path = Assets.xcassets; sourceTree = "<group>"; };
		684626BE245CE44300527E02 /* Base */ = {isa = PBXFileReference; lastKnownFileType = file.storyboard; name = Base; path = Base.lproj/LaunchScreen.storyboard; sourceTree = "<group>"; };
		684626C0245CE44300527E02 /* Info.plist */ = {isa = PBXFileReference; lastKnownFileType = text.plist.xml; name = Info.plist; path = PixabayCollections/Support/Info.plist; sourceTree = SOURCE_ROOT; };
		684626C6245CE64D00527E02 /* SearchViewController.swift */ = {isa = PBXFileReference; lastKnownFileType = sourcecode.swift; path = SearchViewController.swift; sourceTree = "<group>"; };
		684626CA245CF0F500527E02 /* ResultsViewController.swift */ = {isa = PBXFileReference; lastKnownFileType = sourcecode.swift; path = ResultsViewController.swift; sourceTree = "<group>"; };
		684626CC245CF11D00527E02 /* DetailViewController.swift */ = {isa = PBXFileReference; lastKnownFileType = sourcecode.swift; path = DetailViewController.swift; sourceTree = "<group>"; };
		68895C5D245DEA4E00059A04 /* CustomGoButton.swift */ = {isa = PBXFileReference; lastKnownFileType = sourcecode.swift; path = CustomGoButton.swift; sourceTree = "<group>"; };
		68895C60245DEF0300059A04 /* Constants.swift */ = {isa = PBXFileReference; lastKnownFileType = sourcecode.swift; path = Constants.swift; sourceTree = "<group>"; };
		688E34C62465D4AC000FD815 /* CustomImageView.swift */ = {isa = PBXFileReference; lastKnownFileType = sourcecode.swift; path = CustomImageView.swift; sourceTree = "<group>"; };
		688E34C82465E6DD000FD815 /* CustomSpinner.swift */ = {isa = PBXFileReference; lastKnownFileType = sourcecode.swift; path = CustomSpinner.swift; sourceTree = "<group>"; };
		688E34CA24661E5D000FD815 /* LoadingView.swift */ = {isa = PBXFileReference; lastKnownFileType = sourcecode.swift; path = LoadingView.swift; sourceTree = "<group>"; };
		688FB97C2469D38C00594365 /* MetaDataViewController.swift */ = {isa = PBXFileReference; lastKnownFileType = sourcecode.swift; path = MetaDataViewController.swift; sourceTree = "<group>"; };
		688FB97E2469D3F900594365 /* MetaDataCell.swift */ = {isa = PBXFileReference; lastKnownFileType = sourcecode.swift; path = MetaDataCell.swift; sourceTree = "<group>"; };
		688FB9802469D49D00594365 /* CustomLabel.swift */ = {isa = PBXFileReference; lastKnownFileType = sourcecode.swift; path = CustomLabel.swift; sourceTree = "<group>"; };
		688FB9822469DDB200594365 /* MetaDataKeys.swift */ = {isa = PBXFileReference; lastKnownFileType = sourcecode.swift; path = MetaDataKeys.swift; sourceTree = "<group>"; };
		688FB984246A175500594365 /* MetaDataHelper.swift */ = {isa = PBXFileReference; lastKnownFileType = sourcecode.swift; path = MetaDataHelper.swift; sourceTree = "<group>"; };
		68927ADF245F35E50017435F /* Pixabay.plist */ = {isa = PBXFileReference; lastKnownFileType = text.plist.xml; path = Pixabay.plist; sourceTree = "<group>"; };
		68927AE2245F377B0017435F /* PropertyFileHelper.swift */ = {isa = PBXFileReference; lastKnownFileType = sourcecode.swift; path = PropertyFileHelper.swift; sourceTree = "<group>"; };
		68927AE4245F38820017435F /* PixabayData.swift */ = {isa = PBXFileReference; lastKnownFileType = sourcecode.swift; path = PixabayData.swift; sourceTree = "<group>"; };
		68927AE6245F38DE0017435F /* NetworkHelper.swift */ = {isa = PBXFileReference; lastKnownFileType = sourcecode.swift; path = NetworkHelper.swift; sourceTree = "<group>"; };
		689B09A82469957C00E77878 /* ImageActionHelper.swift */ = {isa = PBXFileReference; lastKnownFileType = sourcecode.swift; path = ImageActionHelper.swift; sourceTree = "<group>"; };
		689B09AA2469A3CE00E77878 /* NavHelper.swift */ = {isa = PBXFileReference; lastKnownFileType = sourcecode.swift; path = NavHelper.swift; sourceTree = "<group>"; };
		68C9ED3924659EDB00ACC889 /* TagsViewController.swift */ = {isa = PBXFileReference; lastKnownFileType = sourcecode.swift; path = TagsViewController.swift; sourceTree = "<group>"; };
		68C9ED3C24659F8500ACC889 /* TagLabel.swift */ = {isa = PBXFileReference; lastKnownFileType = sourcecode.swift; path = TagLabel.swift; sourceTree = "<group>"; };
		68C9ED3E2465A35F00ACC889 /* TagCell.swift */ = {isa = PBXFileReference; lastKnownFileType = sourcecode.swift; path = TagCell.swift; sourceTree = "<group>"; };
		68D74400246AF9EE001A7B99 /* NetworkHelperError.swift */ = {isa = PBXFileReference; lastKnownFileType = sourcecode.swift; path = NetworkHelperError.swift; sourceTree = "<group>"; };
		68D74402246B1043001A7B99 /* pixabay.mov */ = {isa = PBXFileReference; lastKnownFileType = video.quicktime; path = pixabay.mov; sourceTree = "<group>"; };
		68D8924F245DE0B500952831 /* CustomTextField.swift */ = {isa = PBXFileReference; lastKnownFileType = sourcecode.swift; path = CustomTextField.swift; sourceTree = "<group>"; };
		68E2E846245E28CE00840919 /* README.md */ = {isa = PBXFileReference; fileEncoding = 4; lastKnownFileType = net.daringfireball.markdown; path = README.md; sourceTree = "<group>"; };
		68E2E849245E29D500840919 /* img1.jpg */ = {isa = PBXFileReference; lastKnownFileType = image.jpeg; path = img1.jpg; sourceTree = "<group>"; };
		68F5DBE7245F8F89005C0E78 /* CollectionViewHelper.swift */ = {isa = PBXFileReference; lastKnownFileType = sourcecode.swift; path = CollectionViewHelper.swift; sourceTree = "<group>"; };
		68F5DBE9245F93C9005C0E78 /* PixabayImageCell.swift */ = {isa = PBXFileReference; lastKnownFileType = sourcecode.swift; path = PixabayImageCell.swift; sourceTree = "<group>"; };
/* End PBXFileReference section */

/* Begin PBXFrameworksBuildPhase section */
		684626AC245CE44200527E02 /* Frameworks */ = {
			isa = PBXFrameworksBuildPhase;
			buildActionMask = 2147483647;
			files = (
			);
			runOnlyForDeploymentPostprocessing = 0;
		};
/* End PBXFrameworksBuildPhase section */

/* Begin PBXGroup section */
		684626A6245CE44100527E02 = {
			isa = PBXGroup;
			children = (
				68E2E848245E296100840919 /* readme-assets */,
				68E2E846245E28CE00840919 /* README.md */,
				684626B1245CE44200527E02 /* PixabayCollections */,
				684626B0245CE44200527E02 /* Products */,
			);
			sourceTree = "<group>";
		};
		684626B0245CE44200527E02 /* Products */ = {
			isa = PBXGroup;
			children = (
				684626AF245CE44200527E02 /* PixabayCollections.app */,
			);
			name = Products;
			sourceTree = "<group>";
		};
		684626B1245CE44200527E02 /* PixabayCollections */ = {
			isa = PBXGroup;
			children = (
				684626CF245CF19500527E02 /* Cells */,
				68895C5F245DEEE500059A04 /* Enums */,
				684626D0245CF1BA00527E02 /* Extensions */,
				68927AE1245F37690017435F /* Helpers */,
				68927ADE245F354C0017435F /* Model */,
				684626C9245CF09500527E02 /* Support */,
				684626C8245CF07400527E02 /* ViewControllers */,
				684626CE245CF18200527E02 /* Views */,
			);
			path = PixabayCollections;
			sourceTree = "<group>";
		};
		684626C8245CF07400527E02 /* ViewControllers */ = {
			isa = PBXGroup;
			children = (
				684626CC245CF11D00527E02 /* DetailViewController.swift */,
				688FB97C2469D38C00594365 /* MetaDataViewController.swift */,
				684626CA245CF0F500527E02 /* ResultsViewController.swift */,
				684626C6245CE64D00527E02 /* SearchViewController.swift */,
				68C9ED3924659EDB00ACC889 /* TagsViewController.swift */,
			);
			path = ViewControllers;
			sourceTree = "<group>";
		};
		684626C9245CF09500527E02 /* Support */ = {
			isa = PBXGroup;
			children = (
				684626C0245CE44300527E02 /* Info.plist */,
				68927ADF245F35E50017435F /* Pixabay.plist */,
				684626B2245CE44200527E02 /* AppDelegate.swift */,
				684626B4245CE44200527E02 /* SceneDelegate.swift */,
				684626BB245CE44300527E02 /* Assets.xcassets */,
				684626BD245CE44300527E02 /* LaunchScreen.storyboard */,
			);
			path = Support;
			sourceTree = "<group>";
		};
		684626CE245CF18200527E02 /* Views */ = {
			isa = PBXGroup;
			children = (
				68895C5D245DEA4E00059A04 /* CustomGoButton.swift */,
				688E34C62465D4AC000FD815 /* CustomImageView.swift */,
				688FB9802469D49D00594365 /* CustomLabel.swift */,
				688E34C82465E6DD000FD815 /* CustomSpinner.swift */,
				68D8924F245DE0B500952831 /* CustomTextField.swift */,
				688E34CA24661E5D000FD815 /* LoadingView.swift */,
				68C9ED3C24659F8500ACC889 /* TagLabel.swift */,
			);
			path = Views;
			sourceTree = "<group>";
		};
		684626CF245CF19500527E02 /* Cells */ = {
			isa = PBXGroup;
			children = (
				688FB97E2469D3F900594365 /* MetaDataCell.swift */,
				68F5DBE9245F93C9005C0E78 /* PixabayImageCell.swift */,
				68C9ED3E2465A35F00ACC889 /* TagCell.swift */,
			);
			path = Cells;
			sourceTree = "<group>";
		};
		684626D0245CF1BA00527E02 /* Extensions */ = {
			isa = PBXGroup;
			children = (
			);
			path = Extensions;
			sourceTree = "<group>";
		};
		68895C5F245DEEE500059A04 /* Enums */ = {
			isa = PBXGroup;
			children = (
				68895C60245DEF0300059A04 /* Constants.swift */,
				688FB9822469DDB200594365 /* MetaDataKeys.swift */,
				68D74400246AF9EE001A7B99 /* NetworkHelperError.swift */,
			);
			path = Enums;
			sourceTree = "<group>";
		};
		68927ADE245F354C0017435F /* Model */ = {
			isa = PBXGroup;
			children = (
				68927AE4245F38820017435F /* PixabayData.swift */,
			);
			path = Model;
			sourceTree = "<group>";
		};
		68927AE1245F37690017435F /* Helpers */ = {
			isa = PBXGroup;
			children = (
				68F5DBE7245F8F89005C0E78 /* CollectionViewHelper.swift */,
				689B09A82469957C00E77878 /* ImageActionHelper.swift */,
				68927AE6245F38DE0017435F /* NetworkHelper.swift */,
				68927AE2245F377B0017435F /* PropertyFileHelper.swift */,
				689B09AA2469A3CE00E77878 /* NavHelper.swift */,
				688FB984246A175500594365 /* MetaDataHelper.swift */,
			);
			path = Helpers;
			sourceTree = "<group>";
		};
		68E2E848245E296100840919 /* readme-assets */ = {
			isa = PBXGroup;
			children = (
				68E2E849245E29D500840919 /* img1.jpg */,
				68D74402246B1043001A7B99 /* pixabay.mov */,
			);
			path = "readme-assets";
			sourceTree = "<group>";
		};
/* End PBXGroup section */

/* Begin PBXNativeTarget section */
		684626AE245CE44200527E02 /* PixabayCollections */ = {
			isa = PBXNativeTarget;
			buildConfigurationList = 684626C3245CE44300527E02 /* Build configuration list for PBXNativeTarget "PixabayCollections" */;
			buildPhases = (
				684626AB245CE44200527E02 /* Sources */,
				684626AC245CE44200527E02 /* Frameworks */,
				684626AD245CE44200527E02 /* Resources */,
			);
			buildRules = (
			);
			dependencies = (
			);
			name = PixabayCollections;
			productName = PixabayCollections;
			productReference = 684626AF245CE44200527E02 /* PixabayCollections.app */;
			productType = "com.apple.product-type.application";
		};
/* End PBXNativeTarget section */

/* Begin PBXProject section */
		684626A7245CE44100527E02 /* Project object */ = {
			isa = PBXProject;
			attributes = {
				LastSwiftUpdateCheck = 1140;
				LastUpgradeCheck = 1140;
				ORGANIZATIONNAME = "Russell Archer";
				TargetAttributes = {
					684626AE245CE44200527E02 = {
						CreatedOnToolsVersion = 11.4.1;
					};
				};
			};
			buildConfigurationList = 684626AA245CE44100527E02 /* Build configuration list for PBXProject "PixabayCollections" */;
			compatibilityVersion = "Xcode 9.3";
			developmentRegion = en;
			hasScannedForEncodings = 0;
			knownRegions = (
				en,
				Base,
			);
			mainGroup = 684626A6245CE44100527E02;
			productRefGroup = 684626B0245CE44200527E02 /* Products */;
			projectDirPath = "";
			projectRoot = "";
			targets = (
				684626AE245CE44200527E02 /* PixabayCollections */,
			);
		};
/* End PBXProject section */

/* Begin PBXResourcesBuildPhase section */
		684626AD245CE44200527E02 /* Resources */ = {
			isa = PBXResourcesBuildPhase;
			buildActionMask = 2147483647;
			files = (
				68E2E847245E28CE00840919 /* README.md in Resources */,
				68E2E84A245E29D500840919 /* img1.jpg in Resources */,
				68927AE0245F35E50017435F /* Pixabay.plist in Resources */,
				684626BF245CE44300527E02 /* LaunchScreen.storyboard in Resources */,
				684626BC245CE44300527E02 /* Assets.xcassets in Resources */,
				68D74403246B1043001A7B99 /* pixabay.mov in Resources */,
			);
			runOnlyForDeploymentPostprocessing = 0;
		};
/* End PBXResourcesBuildPhase section */

/* Begin PBXSourcesBuildPhase section */
		684626AB245CE44200527E02 /* Sources */ = {
			isa = PBXSourcesBuildPhase;
			buildActionMask = 2147483647;
			files = (
				68927AE5245F38820017435F /* PixabayData.swift in Sources */,
				684626C7245CE64D00527E02 /* SearchViewController.swift in Sources */,
				688FB9832469DDB200594365 /* MetaDataKeys.swift in Sources */,
				684626B3245CE44200527E02 /* AppDelegate.swift in Sources */,
				688FB985246A175500594365 /* MetaDataHelper.swift in Sources */,
				68D89250245DE0B500952831 /* CustomTextField.swift in Sources */,
				68C9ED3F2465A35F00ACC889 /* TagCell.swift in Sources */,
				688FB97F2469D3F900594365 /* MetaDataCell.swift in Sources */,
				68927AE7245F38DE0017435F /* NetworkHelper.swift in Sources */,
				688FB9812469D49D00594365 /* CustomLabel.swift in Sources */,
				68D74401246AF9EE001A7B99 /* NetworkHelperError.swift in Sources */,
				68F5DBEA245F93C9005C0E78 /* PixabayImageCell.swift in Sources */,
				68895C5E245DEA4E00059A04 /* CustomGoButton.swift in Sources */,
				684626CD245CF11D00527E02 /* DetailViewController.swift in Sources */,
				684626B5245CE44200527E02 /* SceneDelegate.swift in Sources */,
				68C9ED3D24659F8500ACC889 /* TagLabel.swift in Sources */,
				689B09A92469957C00E77878 /* ImageActionHelper.swift in Sources */,
				68F5DBE8245F8F89005C0E78 /* CollectionViewHelper.swift in Sources */,
				688FB97D2469D38C00594365 /* MetaDataViewController.swift in Sources */,
				68927AE3245F377B0017435F /* PropertyFileHelper.swift in Sources */,
				68C9ED3A24659EDB00ACC889 /* TagsViewController.swift in Sources */,
				684626CB245CF0F500527E02 /* ResultsViewController.swift in Sources */,
				688E34C72465D4AC000FD815 /* CustomImageView.swift in Sources */,
				688E34C92465E6DD000FD815 /* CustomSpinner.swift in Sources */,
				688E34CB24661E5D000FD815 /* LoadingView.swift in Sources */,
				689B09AB2469A3CE00E77878 /* NavHelper.swift in Sources */,
				68895C61245DEF0300059A04 /* Constants.swift in Sources */,
			);
			runOnlyForDeploymentPostprocessing = 0;
		};
/* End PBXSourcesBuildPhase section */

/* Begin PBXVariantGroup section */
		684626BD245CE44300527E02 /* LaunchScreen.storyboard */ = {
			isa = PBXVariantGroup;
			children = (
				684626BE245CE44300527E02 /* Base */,
			);
			name = LaunchScreen.storyboard;
			sourceTree = "<group>";
		};
/* End PBXVariantGroup section */

/* Begin XCBuildConfiguration section */
		684626C1245CE44300527E02 /* Debug */ = {
			isa = XCBuildConfiguration;
			buildSettings = {
				ALWAYS_SEARCH_USER_PATHS = NO;
				CLANG_ANALYZER_NONNULL = YES;
				CLANG_ANALYZER_NUMBER_OBJECT_CONVERSION = YES_AGGRESSIVE;
				CLANG_CXX_LANGUAGE_STANDARD = "gnu++14";
				CLANG_CXX_LIBRARY = "libc++";
				CLANG_ENABLE_MODULES = YES;
				CLANG_ENABLE_OBJC_ARC = YES;
				CLANG_ENABLE_OBJC_WEAK = YES;
				CLANG_WARN_BLOCK_CAPTURE_AUTORELEASING = YES;
				CLANG_WARN_BOOL_CONVERSION = YES;
				CLANG_WARN_COMMA = YES;
				CLANG_WARN_CONSTANT_CONVERSION = YES;
				CLANG_WARN_DEPRECATED_OBJC_IMPLEMENTATIONS = YES;
				CLANG_WARN_DIRECT_OBJC_ISA_USAGE = YES_ERROR;
				CLANG_WARN_DOCUMENTATION_COMMENTS = YES;
				CLANG_WARN_EMPTY_BODY = YES;
				CLANG_WARN_ENUM_CONVERSION = YES;
				CLANG_WARN_INFINITE_RECURSION = YES;
				CLANG_WARN_INT_CONVERSION = YES;
				CLANG_WARN_NON_LITERAL_NULL_CONVERSION = YES;
				CLANG_WARN_OBJC_IMPLICIT_RETAIN_SELF = YES;
				CLANG_WARN_OBJC_LITERAL_CONVERSION = YES;
				CLANG_WARN_OBJC_ROOT_CLASS = YES_ERROR;
				CLANG_WARN_RANGE_LOOP_ANALYSIS = YES;
				CLANG_WARN_STRICT_PROTOTYPES = YES;
				CLANG_WARN_SUSPICIOUS_MOVE = YES;
				CLANG_WARN_UNGUARDED_AVAILABILITY = YES_AGGRESSIVE;
				CLANG_WARN_UNREACHABLE_CODE = YES;
				CLANG_WARN__DUPLICATE_METHOD_MATCH = YES;
				COPY_PHASE_STRIP = NO;
				DEBUG_INFORMATION_FORMAT = dwarf;
				ENABLE_STRICT_OBJC_MSGSEND = YES;
				ENABLE_TESTABILITY = YES;
				GCC_C_LANGUAGE_STANDARD = gnu11;
				GCC_DYNAMIC_NO_PIC = NO;
				GCC_NO_COMMON_BLOCKS = YES;
				GCC_OPTIMIZATION_LEVEL = 0;
				GCC_PREPROCESSOR_DEFINITIONS = (
					"DEBUG=1",
					"$(inherited)",
				);
				GCC_WARN_64_TO_32_BIT_CONVERSION = YES;
				GCC_WARN_ABOUT_RETURN_TYPE = YES_ERROR;
				GCC_WARN_UNDECLARED_SELECTOR = YES;
				GCC_WARN_UNINITIALIZED_AUTOS = YES_AGGRESSIVE;
				GCC_WARN_UNUSED_FUNCTION = YES;
				GCC_WARN_UNUSED_VARIABLE = YES;
				IPHONEOS_DEPLOYMENT_TARGET = 13.4;
				MTL_ENABLE_DEBUG_INFO = INCLUDE_SOURCE;
				MTL_FAST_MATH = YES;
				ONLY_ACTIVE_ARCH = YES;
				SDKROOT = iphoneos;
				SWIFT_ACTIVE_COMPILATION_CONDITIONS = DEBUG;
				SWIFT_OPTIMIZATION_LEVEL = "-Onone";
			};
			name = Debug;
		};
		684626C2245CE44300527E02 /* Release */ = {
			isa = XCBuildConfiguration;
			buildSettings = {
				ALWAYS_SEARCH_USER_PATHS = NO;
				CLANG_ANALYZER_NONNULL = YES;
				CLANG_ANALYZER_NUMBER_OBJECT_CONVERSION = YES_AGGRESSIVE;
				CLANG_CXX_LANGUAGE_STANDARD = "gnu++14";
				CLANG_CXX_LIBRARY = "libc++";
				CLANG_ENABLE_MODULES = YES;
				CLANG_ENABLE_OBJC_ARC = YES;
				CLANG_ENABLE_OBJC_WEAK = YES;
				CLANG_WARN_BLOCK_CAPTURE_AUTORELEASING = YES;
				CLANG_WARN_BOOL_CONVERSION = YES;
				CLANG_WARN_COMMA = YES;
				CLANG_WARN_CONSTANT_CONVERSION = YES;
				CLANG_WARN_DEPRECATED_OBJC_IMPLEMENTATIONS = YES;
				CLANG_WARN_DIRECT_OBJC_ISA_USAGE = YES_ERROR;
				CLANG_WARN_DOCUMENTATION_COMMENTS = YES;
				CLANG_WARN_EMPTY_BODY = YES;
				CLANG_WARN_ENUM_CONVERSION = YES;
				CLANG_WARN_INFINITE_RECURSION = YES;
				CLANG_WARN_INT_CONVERSION = YES;
				CLANG_WARN_NON_LITERAL_NULL_CONVERSION = YES;
				CLANG_WARN_OBJC_IMPLICIT_RETAIN_SELF = YES;
				CLANG_WARN_OBJC_LITERAL_CONVERSION = YES;
				CLANG_WARN_OBJC_ROOT_CLASS = YES_ERROR;
				CLANG_WARN_RANGE_LOOP_ANALYSIS = YES;
				CLANG_WARN_STRICT_PROTOTYPES = YES;
				CLANG_WARN_SUSPICIOUS_MOVE = YES;
				CLANG_WARN_UNGUARDED_AVAILABILITY = YES_AGGRESSIVE;
				CLANG_WARN_UNREACHABLE_CODE = YES;
				CLANG_WARN__DUPLICATE_METHOD_MATCH = YES;
				COPY_PHASE_STRIP = NO;
				DEBUG_INFORMATION_FORMAT = "dwarf-with-dsym";
				ENABLE_NS_ASSERTIONS = NO;
				ENABLE_STRICT_OBJC_MSGSEND = YES;
				GCC_C_LANGUAGE_STANDARD = gnu11;
				GCC_NO_COMMON_BLOCKS = YES;
				GCC_WARN_64_TO_32_BIT_CONVERSION = YES;
				GCC_WARN_ABOUT_RETURN_TYPE = YES_ERROR;
				GCC_WARN_UNDECLARED_SELECTOR = YES;
				GCC_WARN_UNINITIALIZED_AUTOS = YES_AGGRESSIVE;
				GCC_WARN_UNUSED_FUNCTION = YES;
				GCC_WARN_UNUSED_VARIABLE = YES;
				IPHONEOS_DEPLOYMENT_TARGET = 13.4;
				MTL_ENABLE_DEBUG_INFO = NO;
				MTL_FAST_MATH = YES;
				SDKROOT = iphoneos;
				SWIFT_COMPILATION_MODE = wholemodule;
				SWIFT_OPTIMIZATION_LEVEL = "-O";
				VALIDATE_PRODUCT = YES;
			};
			name = Release;
		};
		684626C4245CE44300527E02 /* Debug */ = {
			isa = XCBuildConfiguration;
			buildSettings = {
				ASSETCATALOG_COMPILER_APPICON_NAME = AppIcon;
				CODE_SIGN_STYLE = Automatic;
				DEVELOPMENT_TEAM = R6BE99W3FU;
				INFOPLIST_FILE = PixabayCollections/Support/Info.plist;
				LD_RUNPATH_SEARCH_PATHS = (
					"$(inherited)",
					"@executable_path/Frameworks",
				);
				PRODUCT_BUNDLE_IDENTIFIER = com.rarcher.PixabayCollections;
				PRODUCT_NAME = "$(TARGET_NAME)";
				SWIFT_VERSION = 5.0;
				TARGETED_DEVICE_FAMILY = "1,2";
			};
			name = Debug;
		};
		684626C5245CE44300527E02 /* Release */ = {
			isa = XCBuildConfiguration;
			buildSettings = {
				ASSETCATALOG_COMPILER_APPICON_NAME = AppIcon;
				CODE_SIGN_STYLE = Automatic;
				DEVELOPMENT_TEAM = R6BE99W3FU;
				INFOPLIST_FILE = PixabayCollections/Support/Info.plist;
				LD_RUNPATH_SEARCH_PATHS = (
					"$(inherited)",
					"@executable_path/Frameworks",
				);
				PRODUCT_BUNDLE_IDENTIFIER = com.rarcher.PixabayCollections;
				PRODUCT_NAME = "$(TARGET_NAME)";
				SWIFT_VERSION = 5.0;
				TARGETED_DEVICE_FAMILY = "1,2";
			};
			name = Release;
		};
/* End XCBuildConfiguration section */

/* Begin XCConfigurationList section */
		684626AA245CE44100527E02 /* Build configuration list for PBXProject "PixabayCollections" */ = {
			isa = XCConfigurationList;
			buildConfigurations = (
				684626C1245CE44300527E02 /* Debug */,
				684626C2245CE44300527E02 /* Release */,
			);
			defaultConfigurationIsVisible = 0;
			defaultConfigurationName = Release;
		};
		684626C3245CE44300527E02 /* Build configuration list for PBXNativeTarget "PixabayCollections" */ = {
			isa = XCConfigurationList;
			buildConfigurations = (
				684626C4245CE44300527E02 /* Debug */,
				684626C5245CE44300527E02 /* Release */,
			);
			defaultConfigurationIsVisible = 0;
			defaultConfigurationName = Release;
		};
/* End XCConfigurationList section */
	};
	rootObject = 684626A7245CE44100527E02 /* Project object */;
}
